// !$*UTF8*$!
{
	archiveVersion = 1;
	classes = {
	};
	objectVersion = 50;
	objects = {

/* Begin PBXBuildFile section */
		5AE0DD5D223DB25C0036D80D /* AppDelegate.swift in Sources */ = {isa = PBXBuildFile; fileRef = 5AE0DD5C223DB25C0036D80D /* AppDelegate.swift */; };
		5AE0DD5F223DB25C0036D80D /* ViewController.swift in Sources */ = {isa = PBXBuildFile; fileRef = 5AE0DD5E223DB25C0036D80D /* ViewController.swift */; };
		5AE0DD62223DB25C0036D80D /* Main.storyboard in Resources */ = {isa = PBXBuildFile; fileRef = 5AE0DD60223DB25C0036D80D /* Main.storyboard */; };
		5AE0DD64223DB25E0036D80D /* Assets.xcassets in Resources */ = {isa = PBXBuildFile; fileRef = 5AE0DD63223DB25E0036D80D /* Assets.xcassets */; };
		5AE0DD67223DB25E0036D80D /* LaunchScreen.storyboard in Resources */ = {isa = PBXBuildFile; fileRef = 5AE0DD65223DB25E0036D80D /* LaunchScreen.storyboard */; };
		5AE0DD72223DB25E0036D80D /* MarioKartDemoTests.swift in Sources */ = {isa = PBXBuildFile; fileRef = 5AE0DD71223DB25E0036D80D /* MarioKartDemoTests.swift */; };
		5AE0DD7D223DB25E0036D80D /* MarioKartDemoUITests.swift in Sources */ = {isa = PBXBuildFile; fileRef = 5AE0DD7C223DB25E0036D80D /* MarioKartDemoUITests.swift */; };
/* End PBXBuildFile section */

/* Begin PBXContainerItemProxy section */
		5AE0DD6E223DB25E0036D80D /* PBXContainerItemProxy */ = {
			isa = PBXContainerItemProxy;
			containerPortal = 5AE0DD51223DB25C0036D80D /* Project object */;
			proxyType = 1;
			remoteGlobalIDString = 5AE0DD58223DB25C0036D80D;
			remoteInfo = MarioKartDemo;
		};
		5AE0DD79223DB25E0036D80D /* PBXContainerItemProxy */ = {
			isa = PBXContainerItemProxy;
			containerPortal = 5AE0DD51223DB25C0036D80D /* Project object */;
			proxyType = 1;
			remoteGlobalIDString = 5AE0DD58223DB25C0036D80D;
			remoteInfo = MarioKartDemo;
		};
/* End PBXContainerItemProxy section */

/* Begin PBXFileReference section */
		5AE0DD59223DB25C0036D80D /* MarioKartDemo.app */ = {isa = PBXFileReference; explicitFileType = wrapper.application; includeInIndex = 0; path = MarioKartDemo.app; sourceTree = BUILT_PRODUCTS_DIR; };
		5AE0DD5C223DB25C0036D80D /* AppDelegate.swift */ = {isa = PBXFileReference; lastKnownFileType = sourcecode.swift; path = AppDelegate.swift; sourceTree = "<group>"; };
		5AE0DD5E223DB25C0036D80D /* ViewController.swift */ = {isa = PBXFileReference; lastKnownFileType = sourcecode.swift; path = ViewController.swift; sourceTree = "<group>"; };
		5AE0DD61223DB25C0036D80D /* Base */ = {isa = PBXFileReference; lastKnownFileType = file.storyboard; name = Base; path = Base.lproj/Main.storyboard; sourceTree = "<group>"; };
		5AE0DD63223DB25E0036D80D /* Assets.xcassets */ = {isa = PBXFileReference; lastKnownFileType = folder.assetcatalog; path = Assets.xcassets; sourceTree = "<group>"; };
		5AE0DD66223DB25E0036D80D /* Base */ = {isa = PBXFileReference; lastKnownFileType = file.storyboard; name = Base; path = Base.lproj/LaunchScreen.storyboard; sourceTree = "<group>"; };
		5AE0DD68223DB25E0036D80D /* Info.plist */ = {isa = PBXFileReference; lastKnownFileType = text.plist.xml; path = Info.plist; sourceTree = "<group>"; };
		5AE0DD6D223DB25E0036D80D /* MarioKartDemoTests.xctest */ = {isa = PBXFileReference; explicitFileType = wrapper.cfbundle; includeInIndex = 0; path = MarioKartDemoTests.xctest; sourceTree = BUILT_PRODUCTS_DIR; };
		5AE0DD71223DB25E0036D80D /* MarioKartDemoTests.swift */ = {isa = PBXFileReference; lastKnownFileType = sourcecode.swift; path = MarioKartDemoTests.swift; sourceTree = "<group>"; };
		5AE0DD73223DB25E0036D80D /* Info.plist */ = {isa = PBXFileReference; lastKnownFileType = text.plist.xml; path = Info.plist; sourceTree = "<group>"; };
		5AE0DD78223DB25E0036D80D /* MarioKartDemoUITests.xctest */ = {isa = PBXFileReference; explicitFileType = wrapper.cfbundle; includeInIndex = 0; path = MarioKartDemoUITests.xctest; sourceTree = BUILT_PRODUCTS_DIR; };
		5AE0DD7C223DB25E0036D80D /* MarioKartDemoUITests.swift */ = {isa = PBXFileReference; lastKnownFileType = sourcecode.swift; path = MarioKartDemoUITests.swift; sourceTree = "<group>"; };
		5AE0DD7E223DB25E0036D80D /* Info.plist */ = {isa = PBXFileReference; lastKnownFileType = text.plist.xml; path = Info.plist; sourceTree = "<group>"; };
/* End PBXFileReference section */

/* Begin PBXFrameworksBuildPhase section */
		5AE0DD56223DB25C0036D80D /* Frameworks */ = {
			isa = PBXFrameworksBuildPhase;
			buildActionMask = 2147483647;
			files = (
			);
			runOnlyForDeploymentPostprocessing = 0;
		};
		5AE0DD6A223DB25E0036D80D /* Frameworks */ = {
			isa = PBXFrameworksBuildPhase;
			buildActionMask = 2147483647;
			files = (
			);
			runOnlyForDeploymentPostprocessing = 0;
		};
		5AE0DD75223DB25E0036D80D /* Frameworks */ = {
			isa = PBXFrameworksBuildPhase;
			buildActionMask = 2147483647;
			files = (
			);
			runOnlyForDeploymentPostprocessing = 0;
		};
/* End PBXFrameworksBuildPhase section */

/* Begin PBXGroup section */
		5AE0DD50223DB25C0036D80D = {
			isa = PBXGroup;
			children = (
				5AE0DD5B223DB25C0036D80D /* MarioKartDemo */,
				5AE0DD70223DB25E0036D80D /* MarioKartDemoTests */,
				5AE0DD7B223DB25E0036D80D /* MarioKartDemoUITests */,
				5AE0DD5A223DB25C0036D80D /* Products */,
			);
			sourceTree = "<group>";
		};
		5AE0DD5A223DB25C0036D80D /* Products */ = {
			isa = PBXGroup;
			children = (
				5AE0DD59223DB25C0036D80D /* MarioKartDemo.app */,
				5AE0DD6D223DB25E0036D80D /* MarioKartDemoTests.xctest */,
				5AE0DD78223DB25E0036D80D /* MarioKartDemoUITests.xctest */,
			);
			name = Products;
			sourceTree = "<group>";
		};
		5AE0DD5B223DB25C0036D80D /* MarioKartDemo */ = {
			isa = PBXGroup;
			children = (
				5AE0DD5C223DB25C0036D80D /* AppDelegate.swift */,
				5AE0DD5E223DB25C0036D80D /* ViewController.swift */,
				5AE0DD60223DB25C0036D80D /* Main.storyboard */,
				5AE0DD63223DB25E0036D80D /* Assets.xcassets */,
				5AE0DD65223DB25E0036D80D /* LaunchScreen.storyboard */,
				5AE0DD68223DB25E0036D80D /* Info.plist */,
			);
			path = MarioKartDemo;
			sourceTree = "<group>";
		};
		5AE0DD70223DB25E0036D80D /* MarioKartDemoTests */ = {
			isa = PBXGroup;
			children = (
				5AE0DD71223DB25E0036D80D /* MarioKartDemoTests.swift */,
				5AE0DD73223DB25E0036D80D /* Info.plist */,
			);
			path = MarioKartDemoTests;
			sourceTree = "<group>";
		};
		5AE0DD7B223DB25E0036D80D /* MarioKartDemoUITests */ = {
			isa = PBXGroup;
			children = (
				5AE0DD7C223DB25E0036D80D /* MarioKartDemoUITests.swift */,
				5AE0DD7E223DB25E0036D80D /* Info.plist */,
			);
			path = MarioKartDemoUITests;
			sourceTree = "<group>";
		};
/* End PBXGroup section */

/* Begin PBXNativeTarget section */
		5AE0DD58223DB25C0036D80D /* MarioKartDemo */ = {
			isa = PBXNativeTarget;
			buildConfigurationList = 5AE0DD81223DB25E0036D80D /* Build configuration list for PBXNativeTarget "MarioKartDemo" */;
			buildPhases = (
				5AE0DD55223DB25C0036D80D /* Sources */,
				5AE0DD56223DB25C0036D80D /* Frameworks */,
				5AE0DD57223DB25C0036D80D /* Resources */,
			);
			buildRules = (
			);
			dependencies = (
			);
			name = MarioKartDemo;
			productName = MarioKartDemo;
			productReference = 5AE0DD59223DB25C0036D80D /* MarioKartDemo.app */;
			productType = "com.apple.product-type.application";
		};
		5AE0DD6C223DB25E0036D80D /* MarioKartDemoTests */ = {
			isa = PBXNativeTarget;
			buildConfigurationList = 5AE0DD84223DB25E0036D80D /* Build configuration list for PBXNativeTarget "MarioKartDemoTests" */;
			buildPhases = (
				5AE0DD69223DB25E0036D80D /* Sources */,
				5AE0DD6A223DB25E0036D80D /* Frameworks */,
				5AE0DD6B223DB25E0036D80D /* Resources */,
			);
			buildRules = (
			);
			dependencies = (
				5AE0DD6F223DB25E0036D80D /* PBXTargetDependency */,
			);
			name = MarioKartDemoTests;
			productName = MarioKartDemoTests;
			productReference = 5AE0DD6D223DB25E0036D80D /* MarioKartDemoTests.xctest */;
			productType = "com.apple.product-type.bundle.unit-test";
		};
		5AE0DD77223DB25E0036D80D /* MarioKartDemoUITests */ = {
			isa = PBXNativeTarget;
			buildConfigurationList = 5AE0DD87223DB25E0036D80D /* Build configuration list for PBXNativeTarget "MarioKartDemoUITests" */;
			buildPhases = (
				5AE0DD74223DB25E0036D80D /* Sources */,
				5AE0DD75223DB25E0036D80D /* Frameworks */,
				5AE0DD76223DB25E0036D80D /* Resources */,
			);
			buildRules = (
			);
			dependencies = (
				5AE0DD7A223DB25E0036D80D /* PBXTargetDependency */,
			);
			name = MarioKartDemoUITests;
			productName = MarioKartDemoUITests;
			productReference = 5AE0DD78223DB25E0036D80D /* MarioKartDemoUITests.xctest */;
			productType = "com.apple.product-type.bundle.ui-testing";
		};
/* End PBXNativeTarget section */

/* Begin PBXProject section */
		5AE0DD51223DB25C0036D80D /* Project object */ = {
			isa = PBXProject;
			attributes = {
				LastSwiftUpdateCheck = 1010;
				LastUpgradeCheck = 1010;
				ORGANIZATIONNAME = "Hunter Boleman";
				TargetAttributes = {
					5AE0DD58223DB25C0036D80D = {
						CreatedOnToolsVersion = 10.1;
					};
					5AE0DD6C223DB25E0036D80D = {
						CreatedOnToolsVersion = 10.1;
						TestTargetID = 5AE0DD58223DB25C0036D80D;
					};
					5AE0DD77223DB25E0036D80D = {
						CreatedOnToolsVersion = 10.1;
						TestTargetID = 5AE0DD58223DB25C0036D80D;
					};
				};
			};
			buildConfigurationList = 5AE0DD54223DB25C0036D80D /* Build configuration list for PBXProject "MarioKartDemo" */;
			compatibilityVersion = "Xcode 9.3";
			developmentRegion = en;
			hasScannedForEncodings = 0;
			knownRegions = (
				en,
				Base,
			);
			mainGroup = 5AE0DD50223DB25C0036D80D;
			productRefGroup = 5AE0DD5A223DB25C0036D80D /* Products */;
			projectDirPath = "";
			projectRoot = "";
			targets = (
				5AE0DD58223DB25C0036D80D /* MarioKartDemo */,
				5AE0DD6C223DB25E0036D80D /* MarioKartDemoTests */,
				5AE0DD77223DB25E0036D80D /* MarioKartDemoUITests */,
			);
		};
/* End PBXProject section */

/* Begin PBXResourcesBuildPhase section */
		5AE0DD57223DB25C0036D80D /* Resources */ = {
			isa = PBXResourcesBuildPhase;
			buildActionMask = 2147483647;
			files = (
				5AE0DD67223DB25E0036D80D /* LaunchScreen.storyboard in Resources */,
				5AE0DD64223DB25E0036D80D /* Assets.xcassets in Resources */,
				5AE0DD62223DB25C0036D80D /* Main.storyboard in Resources */,
			);
			runOnlyForDeploymentPostprocessing = 0;
		};
		5AE0DD6B223DB25E0036D80D /* Resources */ = {
			isa = PBXResourcesBuildPhase;
			buildActionMask = 2147483647;
			files = (
			);
			runOnlyForDeploymentPostprocessing = 0;
		};
		5AE0DD76223DB25E0036D80D /* Resources */ = {
			isa = PBXResourcesBuildPhase;
			buildActionMask = 2147483647;
			files = (
			);
			runOnlyForDeploymentPostprocessing = 0;
		};
/* End PBXResourcesBuildPhase section */

/* Begin PBXSourcesBuildPhase section */
		5AE0DD55223DB25C0036D80D /* Sources */ = {
			isa = PBXSourcesBuildPhase;
			buildActionMask = 2147483647;
			files = (
				5AE0DD5F223DB25C0036D80D /* ViewController.swift in Sources */,
				5AE0DD5D223DB25C0036D80D /* AppDelegate.swift in Sources */,
			);
			runOnlyForDeploymentPostprocessing = 0;
		};
		5AE0DD69223DB25E0036D80D /* Sources */ = {
			isa = PBXSourcesBuildPhase;
			buildActionMask = 2147483647;
			files = (
				5AE0DD72223DB25E0036D80D /* MarioKartDemoTests.swift in Sources */,
			);
			runOnlyForDeploymentPostprocessing = 0;
		};
		5AE0DD74223DB25E0036D80D /* Sources */ = {
			isa = PBXSourcesBuildPhase;
			buildActionMask = 2147483647;
			files = (
				5AE0DD7D223DB25E0036D80D /* MarioKartDemoUITests.swift in Sources */,
			);
			runOnlyForDeploymentPostprocessing = 0;
		};
/* End PBXSourcesBuildPhase section */

/* Begin PBXTargetDependency section */
		5AE0DD6F223DB25E0036D80D /* PBXTargetDependency */ = {
			isa = PBXTargetDependency;
			target = 5AE0DD58223DB25C0036D80D /* MarioKartDemo */;
			targetProxy = 5AE0DD6E223DB25E0036D80D /* PBXContainerItemProxy */;
		};
		5AE0DD7A223DB25E0036D80D /* PBXTargetDependency */ = {
			isa = PBXTargetDependency;
			target = 5AE0DD58223DB25C0036D80D /* MarioKartDemo */;
			targetProxy = 5AE0DD79223DB25E0036D80D /* PBXContainerItemProxy */;
		};
/* End PBXTargetDependency section */

/* Begin PBXVariantGroup section */
		5AE0DD60223DB25C0036D80D /* Main.storyboard */ = {
			isa = PBXVariantGroup;
			children = (
				5AE0DD61223DB25C0036D80D /* Base */,
			);
			name = Main.storyboard;
			sourceTree = "<group>";
		};
		5AE0DD65223DB25E0036D80D /* LaunchScreen.storyboard */ = {
			isa = PBXVariantGroup;
			children = (
				5AE0DD66223DB25E0036D80D /* Base */,
			);
			name = LaunchScreen.storyboard;
			sourceTree = "<group>";
		};
/* End PBXVariantGroup section */

/* Begin XCBuildConfiguration section */
		5AE0DD7F223DB25E0036D80D /* Debug */ = {
			isa = XCBuildConfiguration;
			buildSettings = {
				ALWAYS_SEARCH_USER_PATHS = NO;
				CLANG_ANALYZER_NONNULL = YES;
				CLANG_ANALYZER_NUMBER_OBJECT_CONVERSION = YES_AGGRESSIVE;
				CLANG_CXX_LANGUAGE_STANDARD = "gnu++14";
				CLANG_CXX_LIBRARY = "libc++";
				CLANG_ENABLE_MODULES = YES;
				CLANG_ENABLE_OBJC_ARC = YES;
				CLANG_ENABLE_OBJC_WEAK = YES;
				CLANG_WARN_BLOCK_CAPTURE_AUTORELEASING = YES;
				CLANG_WARN_BOOL_CONVERSION = YES;
				CLANG_WARN_COMMA = YES;
				CLANG_WARN_CONSTANT_CONVERSION = YES;
				CLANG_WARN_DEPRECATED_OBJC_IMPLEMENTATIONS = YES;
				CLANG_WARN_DIRECT_OBJC_ISA_USAGE = YES_ERROR;
				CLANG_WARN_DOCUMENTATION_COMMENTS = YES;
				CLANG_WARN_EMPTY_BODY = YES;
				CLANG_WARN_ENUM_CONVERSION = YES;
				CLANG_WARN_INFINITE_RECURSION = YES;
				CLANG_WARN_INT_CONVERSION = YES;
				CLANG_WARN_NON_LITERAL_NULL_CONVERSION = YES;
				CLANG_WARN_OBJC_IMPLICIT_RETAIN_SELF = YES;
				CLANG_WARN_OBJC_LITERAL_CONVERSION = YES;
				CLANG_WARN_OBJC_ROOT_CLASS = YES_ERROR;
				CLANG_WARN_RANGE_LOOP_ANALYSIS = YES;
				CLANG_WARN_STRICT_PROTOTYPES = YES;
				CLANG_WARN_SUSPICIOUS_MOVE = YES;
				CLANG_WARN_UNGUARDED_AVAILABILITY = YES_AGGRESSIVE;
				CLANG_WARN_UNREACHABLE_CODE = YES;
				CLANG_WARN__DUPLICATE_METHOD_MATCH = YES;
				CODE_SIGN_IDENTITY = "iPhone Developer";
				COPY_PHASE_STRIP = NO;
				DEBUG_INFORMATION_FORMAT = dwarf;
				ENABLE_STRICT_OBJC_MSGSEND = YES;
				ENABLE_TESTABILITY = YES;
				GCC_C_LANGUAGE_STANDARD = gnu11;
				GCC_DYNAMIC_NO_PIC = NO;
				GCC_NO_COMMON_BLOCKS = YES;
				GCC_OPTIMIZATION_LEVEL = 0;
				GCC_PREPROCESSOR_DEFINITIONS = (
					"DEBUG=1",
					"$(inherited)",
				);
				GCC_WARN_64_TO_32_BIT_CONVERSION = YES;
				GCC_WARN_ABOUT_RETURN_TYPE = YES_ERROR;
				GCC_WARN_UNDECLARED_SELECTOR = YES;
				GCC_WARN_UNINITIALIZED_AUTOS = YES_AGGRESSIVE;
				GCC_WARN_UNUSED_FUNCTION = YES;
				GCC_WARN_UNUSED_VARIABLE = YES;
				IPHONEOS_DEPLOYMENT_TARGET = 12.1;
				MTL_ENABLE_DEBUG_INFO = INCLUDE_SOURCE;
				MTL_FAST_MATH = YES;
				ONLY_ACTIVE_ARCH = YES;
				SDKROOT = iphoneos;
				SWIFT_ACTIVE_COMPILATION_CONDITIONS = DEBUG;
				SWIFT_OPTIMIZATION_LEVEL = "-Onone";
			};
			name = Debug;
		};
		5AE0DD80223DB25E0036D80D /* Release */ = {
			isa = XCBuildConfiguration;
			buildSettings = {
				ALWAYS_SEARCH_USER_PATHS = NO;
				CLANG_ANALYZER_NONNULL = YES;
				CLANG_ANALYZER_NUMBER_OBJECT_CONVERSION = YES_AGGRESSIVE;
				CLANG_CXX_LANGUAGE_STANDARD = "gnu++14";
				CLANG_CXX_LIBRARY = "libc++";
				CLANG_ENABLE_MODULES = YES;
				CLANG_ENABLE_OBJC_ARC = YES;
				CLANG_ENABLE_OBJC_WEAK = YES;
				CLANG_WARN_BLOCK_CAPTURE_AUTORELEASING = YES;
				CLANG_WARN_BOOL_CONVERSION = YES;
				CLANG_WARN_COMMA = YES;
				CLANG_WARN_CONSTANT_CONVERSION = YES;
				CLANG_WARN_DEPRECATED_OBJC_IMPLEMENTATIONS = YES;
				CLANG_WARN_DIRECT_OBJC_ISA_USAGE = YES_ERROR;
				CLANG_WARN_DOCUMENTATION_COMMENTS = YES;
				CLANG_WARN_EMPTY_BODY = YES;
				CLANG_WARN_ENUM_CONVERSION = YES;
				CLANG_WARN_INFINITE_RECURSION = YES;
				CLANG_WARN_INT_CONVERSION = YES;
				CLANG_WARN_NON_LITERAL_NULL_CONVERSION = YES;
				CLANG_WARN_OBJC_IMPLICIT_RETAIN_SELF = YES;
				CLANG_WARN_OBJC_LITERAL_CONVERSION = YES;
				CLANG_WARN_OBJC_ROOT_CLASS = YES_ERROR;
				CLANG_WARN_RANGE_LOOP_ANALYSIS = YES;
				CLANG_WARN_STRICT_PROTOTYPES = YES;
				CLANG_WARN_SUSPICIOUS_MOVE = YES;
				CLANG_WARN_UNGUARDED_AVAILABILITY = YES_AGGRESSIVE;
				CLANG_WARN_UNREACHABLE_CODE = YES;
				CLANG_WARN__DUPLICATE_METHOD_MATCH = YES;
				CODE_SIGN_IDENTITY = "iPhone Developer";
				COPY_PHASE_STRIP = NO;
				DEBUG_INFORMATION_FORMAT = "dwarf-with-dsym";
				ENABLE_NS_ASSERTIONS = NO;
				ENABLE_STRICT_OBJC_MSGSEND = YES;
				GCC_C_LANGUAGE_STANDARD = gnu11;
				GCC_NO_COMMON_BLOCKS = YES;
				GCC_WARN_64_TO_32_BIT_CONVERSION = YES;
				GCC_WARN_ABOUT_RETURN_TYPE = YES_ERROR;
				GCC_WARN_UNDECLARED_SELECTOR = YES;
				GCC_WARN_UNINITIALIZED_AUTOS = YES_AGGRESSIVE;
				GCC_WARN_UNUSED_FUNCTION = YES;
				GCC_WARN_UNUSED_VARIABLE = YES;
				IPHONEOS_DEPLOYMENT_TARGET = 12.1;
				MTL_ENABLE_DEBUG_INFO = NO;
				MTL_FAST_MATH = YES;
				SDKROOT = iphoneos;
				SWIFT_COMPILATION_MODE = wholemodule;
				SWIFT_OPTIMIZATION_LEVEL = "-O";
				VALIDATE_PRODUCT = YES;
			};
			name = Release;
		};
		5AE0DD82223DB25E0036D80D /* Debug */ = {
			isa = XCBuildConfiguration;
			buildSettings = {
				ASSETCATALOG_COMPILER_APPICON_NAME = AppIcon;
				CODE_SIGN_STYLE = Automatic;
				DEVELOPMENT_TEAM = FF9L5T7Y8K;
				INFOPLIST_FILE = MarioKartDemo/Info.plist;
				LD_RUNPATH_SEARCH_PATHS = (
					"$(inherited)",
					"@executable_path/Frameworks",
				);
				PRODUCT_BUNDLE_IDENTIFIER = com.hunterboleman.MarioKartDemo;
				PRODUCT_NAME = "$(TARGET_NAME)";
				SWIFT_VERSION = 4.2;
				TARGETED_DEVICE_FAMILY = "1,2";
			};
			name = Debug;
		};
		5AE0DD83223DB25E0036D80D /* Release */ = {
			isa = XCBuildConfiguration;
			buildSettings = {
				ASSETCATALOG_COMPILER_APPICON_NAME = AppIcon;
				CODE_SIGN_STYLE = Automatic;
				DEVELOPMENT_TEAM = FF9L5T7Y8K;
				INFOPLIST_FILE = MarioKartDemo/Info.plist;
				LD_RUNPATH_SEARCH_PATHS = (
					"$(inherited)",
					"@executable_path/Frameworks",
				);
				PRODUCT_BUNDLE_IDENTIFIER = com.hunterboleman.MarioKartDemo;
				PRODUCT_NAME = "$(TARGET_NAME)";
				SWIFT_VERSION = 4.2;
				TARGETED_DEVICE_FAMILY = "1,2";
			};
			name = Release;
		};
		5AE0DD85223DB25E0036D80D /* Debug */ = {
			isa = XCBuildConfiguration;
			buildSettings = {
				ALWAYS_EMBED_SWIFT_STANDARD_LIBRARIES = YES;
				BUNDLE_LOADER = "$(TEST_HOST)";
				CODE_SIGN_STYLE = Automatic;
				DEVELOPMENT_TEAM = FF9L5T7Y8K;
				INFOPLIST_FILE = MarioKartDemoTests/Info.plist;
				LD_RUNPATH_SEARCH_PATHS = (
					"$(inherited)",
					"@executable_path/Frameworks",
					"@loader_path/Frameworks",
				);
				PRODUCT_BUNDLE_IDENTIFIER = com.hunterboleman.MarioKartDemoTests;
				PRODUCT_NAME = "$(TARGET_NAME)";
				SWIFT_VERSION = 4.2;
				TARGETED_DEVICE_FAMILY = "1,2";
				TEST_HOST = "$(BUILT_PRODUCTS_DIR)/MarioKartDemo.app/MarioKartDemo";
			};
			name = Debug;
		};
		5AE0DD86223DB25E0036D80D /* Release */ = {
			isa = XCBuildConfiguration;
			buildSettings = {
				ALWAYS_EMBED_SWIFT_STANDARD_LIBRARIES = YES;
				BUNDLE_LOADER = "$(TEST_HOST)";
				CODE_SIGN_STYLE = Automatic;
				DEVELOPMENT_TEAM = FF9L5T7Y8K;
				INFOPLIST_FILE = MarioKartDemoTests/Info.plist;
				LD_RUNPATH_SEARCH_PATHS = (
					"$(inherited)",
					"@executable_path/Frameworks",
					"@loader_path/Frameworks",
				);
				PRODUCT_BUNDLE_IDENTIFIER = com.hunterboleman.MarioKartDemoTests;
				PRODUCT_NAME = "$(TARGET_NAME)";
				SWIFT_VERSION = 4.2;
				TARGETED_DEVICE_FAMILY = "1,2";
				TEST_HOST = "$(BUILT_PRODUCTS_DIR)/MarioKartDemo.app/MarioKartDemo";
			};
			name = Release;
		};
		5AE0DD88223DB25E0036D80D /* Debug */ = {
			isa = XCBuildConfiguration;
			buildSettings = {
				ALWAYS_EMBED_SWIFT_STANDARD_LIBRARIES = YES;
				CODE_SIGN_STYLE = Automatic;
				DEVELOPMENT_TEAM = FF9L5T7Y8K;
				INFOPLIST_FILE = MarioKartDemoUITests/Info.plist;
				LD_RUNPATH_SEARCH_PATHS = (
					"$(inherited)",
					"@executable_path/Frameworks",
					"@loader_path/Frameworks",
				);
				PRODUCT_BUNDLE_IDENTIFIER = com.hunterboleman.MarioKartDemoUITests;
				PRODUCT_NAME = "$(TARGET_NAME)";
				SWIFT_VERSION = 4.2;
				TARGETED_DEVICE_FAMILY = "1,2";
				TEST_TARGET_NAME = MarioKartDemo;
			};
			name = Debug;
		};
		5AE0DD89223DB25E0036D80D /* Release */ = {
			isa = XCBuildConfiguration;
			buildSettings = {
				ALWAYS_EMBED_SWIFT_STANDARD_LIBRARIES = YES;
				CODE_SIGN_STYLE = Automatic;
				DEVELOPMENT_TEAM = FF9L5T7Y8K;
				INFOPLIST_FILE = MarioKartDemoUITests/Info.plist;
				LD_RUNPATH_SEARCH_PATHS = (
					"$(inherited)",
					"@executable_path/Frameworks",
					"@loader_path/Frameworks",
				);
				PRODUCT_BUNDLE_IDENTIFIER = com.hunterboleman.MarioKartDemoUITests;
				PRODUCT_NAME = "$(TARGET_NAME)";
				SWIFT_VERSION = 4.2;
				TARGETED_DEVICE_FAMILY = "1,2";
				TEST_TARGET_NAME = MarioKartDemo;
			};
			name = Release;
		};
/* End XCBuildConfiguration section */

/* Begin XCConfigurationList section */
		5AE0DD54223DB25C0036D80D /* Build configuration list for PBXProject "MarioKartDemo" */ = {
			isa = XCConfigurationList;
			buildConfigurations = (
				5AE0DD7F223DB25E0036D80D /* Debug */,
				5AE0DD80223DB25E0036D80D /* Release */,
			);
			defaultConfigurationIsVisible = 0;
			defaultConfigurationName = Release;
		};
		5AE0DD81223DB25E0036D80D /* Build configuration list for PBXNativeTarget "MarioKartDemo" */ = {
			isa = XCConfigurationList;
			buildConfigurations = (
				5AE0DD82223DB25E0036D80D /* Debug */,
				5AE0DD83223DB25E0036D80D /* Release */,
			);
			defaultConfigurationIsVisible = 0;
			defaultConfigurationName = Release;
		};
		5AE0DD84223DB25E0036D80D /* Build configuration list for PBXNativeTarget "MarioKartDemoTests" */ = {
			isa = XCConfigurationList;
			buildConfigurations = (
				5AE0DD85223DB25E0036D80D /* Debug */,
				5AE0DD86223DB25E0036D80D /* Release */,
			);
			defaultConfigurationIsVisible = 0;
			defaultConfigurationName = Release;
		};
		5AE0DD87223DB25E0036D80D /* Build configuration list for PBXNativeTarget "MarioKartDemoUITests" */ = {
			isa = XCConfigurationList;
			buildConfigurations = (
				5AE0DD88223DB25E0036D80D /* Debug */,
				5AE0DD89223DB25E0036D80D /* Release */,
			);
			defaultConfigurationIsVisible = 0;
			defaultConfigurationName = Release;
		};
/* End XCConfigurationList section */
	};
	rootObject = 5AE0DD51223DB25C0036D80D /* Project object */;
}
